
Microsoft Visual Studio Solution File, Format Version 12.00
# Visual Studio Version 17
VisualStudioVersion = 17.13.35828.75 d17.13
MinimumVisualStudioVersion = 10.0.40219.1
Project("{FAE04EC0-301F-11D3-BF4B-00C04F79EFBC}") = "TextRPG", "TextRPG\TextRPG.csproj", "{B7DA9C07-81E5-41DD-9CA9-2419EE674055}"
EndProject
Global
	GlobalSection(SolutionConfigurationPlatforms) = preSolution
		Debug|Any CPU = Debug|Any CPU
		Release|Any CPU = Release|Any CPU
	EndGlobalSection
	GlobalSection(ProjectConfigurationPlatforms) = postSolution
		{B7DA9C07-81E5-41DD-9CA9-2419EE674055}.Debug|Any CPU.ActiveCfg = Debug|Any CPU
		{B7DA9C07-81E5-41DD-9CA9-2419EE674055}.Debug|Any CPU.Build.0 = Debug|Any CPU
		{B7DA9C07-81E5-41DD-9CA9-2419EE674055}.Release|Any CPU.ActiveCfg = Release|Any CPU
		{B7DA9C07-81E5-41DD-9CA9-2419EE674055}.Release|Any CPU.Build.0 = Release|Any CPU
	EndGlobalSection
	GlobalSection(SolutionProperties) = preSolution
		HideSolutionNode = FALSE
	EndGlobalSection
	GlobalSection(ExtensibilityGlobals) = postSolution
		SolutionGuid = {644ED035-4241-48A6-B056-A38C174EC6C2}
	EndGlobalSection
EndGlobal
